
Microsoft Visual Studio Solution File, Format Version 12.00
# Visual Studio Version 17
VisualStudioVersion = 17.10.34928.147
MinimumVisualStudioVersion = 10.0.40219.1
Project("{8BC9CEB8-8B4A-11D0-8D11-00A0C91BC942}") = "D2DBasic", "D2DBasic\D2DBasic.vcxproj", "{A4BB8BCF-9D47-4CB2-80A2-1328C0B5893B}"
EndProject
Project("{8BC9CEB8-8B4A-11D0-8D11-00A0C91BC942}") = "D2DDrawText", "D2DDrawText\D2DDrawText.vcxproj", "{1CE95581-86B7-4700-8451-A8834B27DD23}"
EndProject
Project("{8BC9CEB8-8B4A-11D0-8D11-00A0C91BC942}") = "D2DDrawBitmap", "D2DDrawBitmap\D2DDrawBitmap.vcxproj", "{40EA5564-8DD4-4584-BD2F-98B1AF4097B9}"
EndProject
Project("{8BC9CEB8-8B4A-11D0-8D11-00A0C91BC942}") = "D2DCoordinateSystem", "D2DCoordinateSystem\D2DCoordinateSystem.vcxproj", "{468F0D72-6D6F-4EF7-8115-EEF9ACF710D4}"
EndProject
Project("{8BC9CEB8-8B4A-11D0-8D11-00A0C91BC942}") = "D2DBrushAndShape", "D2DBrushAndShape\D2DBrushAndShape.vcxproj", "{01ECEE8C-0074-486A-B446-06F47EC01C11}"
EndProject
Project("{8BC9CEB8-8B4A-11D0-8D11-00A0C91BC942}") = "D2DEngine", "D2DEngine\D2DEngine.vcxproj", "{27A1CC63-0566-48D8-9A9F-EAC09B9544F5}"
EndProject
Project("{8BC9CEB8-8B4A-11D0-8D11-00A0C91BC942}") = "DemoGame", "DemoGame\DemoGame.vcxproj", "{6AB2A8CE-1C03-4174-AA4A-98CDAF2FCD16}"
EndProject
Project("{8BC9CEB8-8B4A-11D0-8D11-00A0C91BC942}") = "Polymorphism", "Polymorphism\Polymorphism.vcxproj", "{46E7DE91-11A7-4B86-840A-4226ADB6E112}"
EndProject
Project("{8BC9CEB8-8B4A-11D0-8D11-00A0C91BC942}") = "DemoSolarSystem", "DemoSolarSystem\DemoSolarSystem.vcxproj", "{5F57377B-8EA4-4E22-B800-3C9D536F1C59}"
EndProject
Project("{8BC9CEB8-8B4A-11D0-8D11-00A0C91BC942}") = "TestCode", "TestCode\TestCode.vcxproj", "{F025B65F-71C6-4245-9A21-A29DD36616C2}"
EndProject
Project("{8BC9CEB8-8B4A-11D0-8D11-00A0C91BC942}") = "DemoResourceSharing", "DemoResourceSharing\DemoResourceSharing.vcxproj", "{D1D626BD-3CF7-4141-9076-4B3C1D6B1B57}"
EndProject
Project("{8BC9CEB8-8B4A-11D0-8D11-00A0C91BC942}") = "DemoObjectCulling", "DemoObjectCulling\DemoObjectCulling.vcxproj", "{D322778D-620A-4334-A41B-E409D49097DA}"
EndProject
Project("{8BC9CEB8-8B4A-11D0-8D11-00A0C91BC942}") = "DemoFiniteStateMachine", "DemoFiniteStateMachine\DemoFiniteStateMachine.vcxproj", "{B42D732D-5B93-48EC-BE2E-F50CBD28F6DA}"
EndProject
Global
	GlobalSection(SolutionConfigurationPlatforms) = preSolution
		Debug|x64 = Debug|x64
		Debug|x86 = Debug|x86
		Release|x64 = Release|x64
		Release|x86 = Release|x86
	EndGlobalSection
	GlobalSection(ProjectConfigurationPlatforms) = postSolution
		{A4BB8BCF-9D47-4CB2-80A2-1328C0B5893B}.Debug|x64.ActiveCfg = Debug|x64
		{A4BB8BCF-9D47-4CB2-80A2-1328C0B5893B}.Debug|x64.Build.0 = Debug|x64
		{A4BB8BCF-9D47-4CB2-80A2-1328C0B5893B}.Debug|x86.ActiveCfg = Debug|Win32
		{A4BB8BCF-9D47-4CB2-80A2-1328C0B5893B}.Debug|x86.Build.0 = Debug|Win32
		{A4BB8BCF-9D47-4CB2-80A2-1328C0B5893B}.Release|x64.ActiveCfg = Release|x64
		{A4BB8BCF-9D47-4CB2-80A2-1328C0B5893B}.Release|x64.Build.0 = Release|x64
		{A4BB8BCF-9D47-4CB2-80A2-1328C0B5893B}.Release|x86.ActiveCfg = Release|Win32
		{A4BB8BCF-9D47-4CB2-80A2-1328C0B5893B}.Release|x86.Build.0 = Release|Win32
		{1CE95581-86B7-4700-8451-A8834B27DD23}.Debug|x64.ActiveCfg = Debug|x64
		{1CE95581-86B7-4700-8451-A8834B27DD23}.Debug|x64.Build.0 = Debug|x64
		{1CE95581-86B7-4700-8451-A8834B27DD23}.Debug|x86.ActiveCfg = Debug|Win32
		{1CE95581-86B7-4700-8451-A8834B27DD23}.Debug|x86.Build.0 = Debug|Win32
		{1CE95581-86B7-4700-8451-A8834B27DD23}.Release|x64.ActiveCfg = Release|x64
		{1CE95581-86B7-4700-8451-A8834B27DD23}.Release|x64.Build.0 = Release|x64
		{1CE95581-86B7-4700-8451-A8834B27DD23}.Release|x86.ActiveCfg = Release|Win32
		{1CE95581-86B7-4700-8451-A8834B27DD23}.Release|x86.Build.0 = Release|Win32
		{40EA5564-8DD4-4584-BD2F-98B1AF4097B9}.Debug|x64.ActiveCfg = Debug|x64
		{40EA5564-8DD4-4584-BD2F-98B1AF4097B9}.Debug|x64.Build.0 = Debug|x64
		{40EA5564-8DD4-4584-BD2F-98B1AF4097B9}.Debug|x86.ActiveCfg = Debug|Win32
		{40EA5564-8DD4-4584-BD2F-98B1AF4097B9}.Debug|x86.Build.0 = Debug|Win32
		{40EA5564-8DD4-4584-BD2F-98B1AF4097B9}.Release|x64.ActiveCfg = Release|x64
		{40EA5564-8DD4-4584-BD2F-98B1AF4097B9}.Release|x64.Build.0 = Release|x64
		{40EA5564-8DD4-4584-BD2F-98B1AF4097B9}.Release|x86.ActiveCfg = Release|Win32
		{40EA5564-8DD4-4584-BD2F-98B1AF4097B9}.Release|x86.Build.0 = Release|Win32
		{468F0D72-6D6F-4EF7-8115-EEF9ACF710D4}.Debug|x64.ActiveCfg = Debug|x64
		{468F0D72-6D6F-4EF7-8115-EEF9ACF710D4}.Debug|x64.Build.0 = Debug|x64
		{468F0D72-6D6F-4EF7-8115-EEF9ACF710D4}.Debug|x86.ActiveCfg = Debug|Win32
		{468F0D72-6D6F-4EF7-8115-EEF9ACF710D4}.Debug|x86.Build.0 = Debug|Win32
		{468F0D72-6D6F-4EF7-8115-EEF9ACF710D4}.Release|x64.ActiveCfg = Release|x64
		{468F0D72-6D6F-4EF7-8115-EEF9ACF710D4}.Release|x64.Build.0 = Release|x64
		{468F0D72-6D6F-4EF7-8115-EEF9ACF710D4}.Release|x86.ActiveCfg = Release|Win32
		{468F0D72-6D6F-4EF7-8115-EEF9ACF710D4}.Release|x86.Build.0 = Release|Win32
		{01ECEE8C-0074-486A-B446-06F47EC01C11}.Debug|x64.ActiveCfg = Debug|x64
		{01ECEE8C-0074-486A-B446-06F47EC01C11}.Debug|x64.Build.0 = Debug|x64
		{01ECEE8C-0074-486A-B446-06F47EC01C11}.Debug|x86.ActiveCfg = Debug|Win32
		{01ECEE8C-0074-486A-B446-06F47EC01C11}.Debug|x86.Build.0 = Debug|Win32
		{01ECEE8C-0074-486A-B446-06F47EC01C11}.Release|x64.ActiveCfg = Release|x64
		{01ECEE8C-0074-486A-B446-06F47EC01C11}.Release|x64.Build.0 = Release|x64
		{01ECEE8C-0074-486A-B446-06F47EC01C11}.Release|x86.ActiveCfg = Release|Win32
		{01ECEE8C-0074-486A-B446-06F47EC01C11}.Release|x86.Build.0 = Release|Win32
		{27A1CC63-0566-48D8-9A9F-EAC09B9544F5}.Debug|x64.ActiveCfg = Debug|x64
		{27A1CC63-0566-48D8-9A9F-EAC09B9544F5}.Debug|x64.Build.0 = Debug|x64
		{27A1CC63-0566-48D8-9A9F-EAC09B9544F5}.Debug|x86.ActiveCfg = Debug|Win32
		{27A1CC63-0566-48D8-9A9F-EAC09B9544F5}.Debug|x86.Build.0 = Debug|Win32
		{27A1CC63-0566-48D8-9A9F-EAC09B9544F5}.Release|x64.ActiveCfg = Release|x64
		{27A1CC63-0566-48D8-9A9F-EAC09B9544F5}.Release|x64.Build.0 = Release|x64
		{27A1CC63-0566-48D8-9A9F-EAC09B9544F5}.Release|x86.ActiveCfg = Release|Win32
		{27A1CC63-0566-48D8-9A9F-EAC09B9544F5}.Release|x86.Build.0 = Release|Win32
		{6AB2A8CE-1C03-4174-AA4A-98CDAF2FCD16}.Debug|x64.ActiveCfg = Debug|x64
		{6AB2A8CE-1C03-4174-AA4A-98CDAF2FCD16}.Debug|x64.Build.0 = Debug|x64
		{6AB2A8CE-1C03-4174-AA4A-98CDAF2FCD16}.Debug|x86.ActiveCfg = Debug|Win32
		{6AB2A8CE-1C03-4174-AA4A-98CDAF2FCD16}.Debug|x86.Build.0 = Debug|Win32
		{6AB2A8CE-1C03-4174-AA4A-98CDAF2FCD16}.Release|x64.ActiveCfg = Release|x64
		{6AB2A8CE-1C03-4174-AA4A-98CDAF2FCD16}.Release|x64.Build.0 = Release|x64
		{6AB2A8CE-1C03-4174-AA4A-98CDAF2FCD16}.Release|x86.ActiveCfg = Release|Win32
		{6AB2A8CE-1C03-4174-AA4A-98CDAF2FCD16}.Release|x86.Build.0 = Release|Win32
		{46E7DE91-11A7-4B86-840A-4226ADB6E112}.Debug|x64.ActiveCfg = Debug|x64
		{46E7DE91-11A7-4B86-840A-4226ADB6E112}.Debug|x64.Build.0 = Debug|x64
		{46E7DE91-11A7-4B86-840A-4226ADB6E112}.Debug|x86.ActiveCfg = Debug|Win32
		{46E7DE91-11A7-4B86-840A-4226ADB6E112}.Debug|x86.Build.0 = Debug|Win32
		{46E7DE91-11A7-4B86-840A-4226ADB6E112}.Release|x64.ActiveCfg = Release|x64
		{46E7DE91-11A7-4B86-840A-4226ADB6E112}.Release|x64.Build.0 = Release|x64
		{46E7DE91-11A7-4B86-840A-4226ADB6E112}.Release|x86.ActiveCfg = Release|Win32
		{46E7DE91-11A7-4B86-840A-4226ADB6E112}.Release|x86.Build.0 = Release|Win32
		{5F57377B-8EA4-4E22-B800-3C9D536F1C59}.Debug|x64.ActiveCfg = Debug|x64
		{5F57377B-8EA4-4E22-B800-3C9D536F1C59}.Debug|x64.Build.0 = Debug|x64
		{5F57377B-8EA4-4E22-B800-3C9D536F1C59}.Debug|x86.ActiveCfg = Debug|Win32
		{5F57377B-8EA4-4E22-B800-3C9D536F1C59}.Debug|x86.Build.0 = Debug|Win32
		{5F57377B-8EA4-4E22-B800-3C9D536F1C59}.Release|x64.ActiveCfg = Release|x64
		{5F57377B-8EA4-4E22-B800-3C9D536F1C59}.Release|x64.Build.0 = Release|x64
		{5F57377B-8EA4-4E22-B800-3C9D536F1C59}.Release|x86.ActiveCfg = Release|Win32
		{5F57377B-8EA4-4E22-B800-3C9D536F1C59}.Release|x86.Build.0 = Release|Win32
		{F025B65F-71C6-4245-9A21-A29DD36616C2}.Debug|x64.ActiveCfg = Debug|x64
		{F025B65F-71C6-4245-9A21-A29DD36616C2}.Debug|x64.Build.0 = Debug|x64
		{F025B65F-71C6-4245-9A21-A29DD36616C2}.Debug|x86.ActiveCfg = Debug|Win32
		{F025B65F-71C6-4245-9A21-A29DD36616C2}.Debug|x86.Build.0 = Debug|Win32
		{F025B65F-71C6-4245-9A21-A29DD36616C2}.Release|x64.ActiveCfg = Release|x64
		{F025B65F-71C6-4245-9A21-A29DD36616C2}.Release|x64.Build.0 = Release|x64
		{F025B65F-71C6-4245-9A21-A29DD36616C2}.Release|x86.ActiveCfg = Release|Win32
		{F025B65F-71C6-4245-9A21-A29DD36616C2}.Release|x86.Build.0 = Release|Win32
		{D1D626BD-3CF7-4141-9076-4B3C1D6B1B57}.Debug|x64.ActiveCfg = Debug|x64
		{D1D626BD-3CF7-4141-9076-4B3C1D6B1B57}.Debug|x64.Build.0 = Debug|x64
		{D1D626BD-3CF7-4141-9076-4B3C1D6B1B57}.Debug|x86.ActiveCfg = Debug|Win32
		{D1D626BD-3CF7-4141-9076-4B3C1D6B1B57}.Debug|x86.Build.0 = Debug|Win32
		{D1D626BD-3CF7-4141-9076-4B3C1D6B1B57}.Release|x64.ActiveCfg = Release|x64
		{D1D626BD-3CF7-4141-9076-4B3C1D6B1B57}.Release|x64.Build.0 = Release|x64
		{D1D626BD-3CF7-4141-9076-4B3C1D6B1B57}.Release|x86.ActiveCfg = Release|Win32
		{D1D626BD-3CF7-4141-9076-4B3C1D6B1B57}.Release|x86.Build.0 = Release|Win32
		{D322778D-620A-4334-A41B-E409D49097DA}.Debug|x64.ActiveCfg = Debug|x64
		{D322778D-620A-4334-A41B-E409D49097DA}.Debug|x64.Build.0 = Debug|x64
		{D322778D-620A-4334-A41B-E409D49097DA}.Debug|x86.ActiveCfg = Debug|Win32
		{D322778D-620A-4334-A41B-E409D49097DA}.Debug|x86.Build.0 = Debug|Win32
		{D322778D-620A-4334-A41B-E409D49097DA}.Release|x64.ActiveCfg = Release|x64
		{D322778D-620A-4334-A41B-E409D49097DA}.Release|x64.Build.0 = Release|x64
		{D322778D-620A-4334-A41B-E409D49097DA}.Release|x86.ActiveCfg = Release|Win32
		{D322778D-620A-4334-A41B-E409D49097DA}.Release|x86.Build.0 = Release|Win32
		{B42D732D-5B93-48EC-BE2E-F50CBD28F6DA}.Debug|x64.ActiveCfg = Debug|x64
		{B42D732D-5B93-48EC-BE2E-F50CBD28F6DA}.Debug|x64.Build.0 = Debug|x64
		{B42D732D-5B93-48EC-BE2E-F50CBD28F6DA}.Debug|x86.ActiveCfg = Debug|Win32
		{B42D732D-5B93-48EC-BE2E-F50CBD28F6DA}.Debug|x86.Build.0 = Debug|Win32
		{B42D732D-5B93-48EC-BE2E-F50CBD28F6DA}.Release|x64.ActiveCfg = Release|x64
		{B42D732D-5B93-48EC-BE2E-F50CBD28F6DA}.Release|x64.Build.0 = Release|x64
		{B42D732D-5B93-48EC-BE2E-F50CBD28F6DA}.Release|x86.ActiveCfg = Release|Win32
		{B42D732D-5B93-48EC-BE2E-F50CBD28F6DA}.Release|x86.Build.0 = Release|Win32
	EndGlobalSection
	GlobalSection(SolutionProperties) = preSolution
		HideSolutionNode = FALSE
	EndGlobalSection
	GlobalSection(ExtensibilityGlobals) = postSolution
		SolutionGuid = {F10377FE-F15C-4D46-866A-7CC1DC206E6E}
	EndGlobalSection
EndGlobal
